github.com/go-chi/chi/v5 v5.2.1 h1:KOIHODQj58PmL80G2Eak4WdvUzjSJSm0vG72crDCqb8=
github.com/go-chi/chi/v5 v5.2.1/go.mod h1:L2yAIGWB3H+phAw1NxKwWM+7eUH/lU8pOMm5hHcoops=
github.com/golang-jwt/jwt/v5 v5.2.2 h1:Rl4B7itRWVtYIHFrSNd7vhTiz9UpLdi6gZhZ3wEeDy8=
github.com/golang-jwt/jwt/v5 v5.2.2/go.mod h1:pqrtFR0X4osieyHYxtmOUWsAWrfe1Q5UVIyoH402zdk=
github.com/golang/net v0.33.0 h1:FzcpcbOtyS4vg5RCH9L/+ytgsZB06dh2ePK25I/ljnE=
github.com/golang/net v0.33.0/go.mod h1:HXLR5J+9DxmrqMwG9qjGCxZ+zKXxBru04zlTvWlWuN4=
github.com/golang/sys v0.28.0 h1:IkHPu3f6jqTZlibyumI63ankQkSkUtPJZWeBphEppg8=
github.com/golang/sys v0.28.0/go.mod h1:/VUhepiaJMQUp4+oa/7Zr1D23ma6VTLIYjOOTFZPUcA=
github.com/golang/text v0.21.0 h1:/UiG2yYVTF86PsUeSqD3QiACts6JB+2BUt6j3pN3MiU=
github.com/golang/text v0.21.0/go.mod h1:4IBbMaMmOPCJ8SecivzSH54+73PCFmPWxNTLm+vZkEQ=
github.com/googleapis/go-genproto/googleapis/rpc v0.0.0-20240814211410-ddb44dafa142 h1:QWlYA6sXUgNBHRPB70Fy53SfbkeOGrRYixnPqkX9Ij8=
github.com/googleapis/go-genproto/googleapis/rpc v0.0.0-20240814211410-ddb44dafa142/go.mod h1:UqMtugtsSgubUsoxbuAoiCXvqvErP7Gf0so0mK9tHxU=
github.com/gorilla/websocket v1.5.3 h1:saDtZ6Pbx/0u+bgYQ3q96pZgCzfhKXGPqt7kZ72aNNg=
github.com/gorilla/websocket v1.5.3/go.mod h1:YR8l580nyteQvAITg2hZ9XVh4b55+EU/adAjf1fMHhE=
github.com/grpc/grpc-go v1.67.3 h1:gH6Xr3RyBEc8ZiUg9bMALip+AB+maB91KRqbNw+JPVA=
github.com/grpc/grpc-go v1.67.3/go.mod h1:YGaHCc6Oap+FzBJTZLBzkGSYt/cvGPFTPxkn7QfSU8s=
github.com/lib/pq v1.10.9 h1:YXG7RB+JIjhP29X+OtkiDnYaXQwpS4JEWq7dtCCRUEw=
github.com/lib/pq v1.10.9/go.mod h1:AlVN5x4E4T544tWzH6hKfbfQvm3HdbOxrmggDNAPY9o=
github.com/protocolbuffers/protobuf-go v1.36.5 h1:5bL2YMUCt0BaIh47qyv6zTxpzWd7HtwJeM/YpbKXAvg=
github.com/protocolbuffers/protobuf-go v1.36.5/go.mod h1:9fA7Ob0pmnwhb644+1+CVWFRbNajQ6iRojtC/QF5bRE=
